
Microsoft Visual Studio Solution File, Format Version 12.00
Project("{FAE04EC0-301F-11D3-BF4B-00C04F79EFBC}") = "SignalRChat", "SignalRChat\SignalRChat.csproj", "{5EE20099-23F6-4C05-8AE3-1C6CD15FE6FE}"
EndProject
Global
	GlobalSection(SolutionConfigurationPlatforms) = preSolution
		Debug|Any CPU = Debug|Any CPU
		Release|Any CPU = Release|Any CPU
	EndGlobalSection
	GlobalSection(ProjectConfigurationPlatforms) = postSolution
		{5EE20099-23F6-4C05-8AE3-1C6CD15FE6FE}.Debug|Any CPU.ActiveCfg = Debug|Any CPU
		{5EE20099-23F6-4C05-8AE3-1C6CD15FE6FE}.Debug|Any CPU.Build.0 = Debug|Any CPU
		{5EE20099-23F6-4C05-8AE3-1C6CD15FE6FE}.Release|Any CPU.ActiveCfg = Release|Any CPU
		{5EE20099-23F6-4C05-8AE3-1C6CD15FE6FE}.Release|Any CPU.Build.0 = Release|Any CPU
	EndGlobalSection
EndGlobal
